
Microsoft Visual Studio Solution File, Format Version 12.00
# Visual Studio Version 16
VisualStudioVersion = 16.0.31613.86
MinimumVisualStudioVersion = 10.0.40219.1
Project("{9A19103F-16F7-4668-BE54-9A1E7A4F7556}") = "IMK-web", "IMK-web.csproj", "{243DC2B1-17F5-4919-AABD-805E22F1BCCA}"
EndProject
Global
	GlobalSection(SolutionConfigurationPlatforms) = preSolution
		Debug|Any CPU = Debug|Any CPU
		Release|Any CPU = Release|Any CPU
	EndGlobalSection
	GlobalSection(ProjectConfigurationPlatforms) = postSolution
		{243DC2B1-17F5-4919-AABD-805E22F1BCCA}.Debug|Any CPU.ActiveCfg = Debug|Any CPU
		{243DC2B1-17F5-4919-AABD-805E22F1BCCA}.Debug|Any CPU.Build.0 = Debug|Any CPU
		{243DC2B1-17F5-4919-AABD-805E22F1BCCA}.Release|Any CPU.ActiveCfg = Release|Any CPU
		{243DC2B1-17F5-4919-AABD-805E22F1BCCA}.Release|Any CPU.Build.0 = Release|Any CPU
	EndGlobalSection
	GlobalSection(SolutionProperties) = preSolution
		HideSolutionNode = FALSE
	EndGlobalSection
	GlobalSection(ExtensibilityGlobals) = postSolution
		SolutionGuid = {2D5C2BC5-51FF-4826-B108-1BC68BD7C4E6}
	EndGlobalSection
EndGlobal
