{
  "name": "IMK-web-main",
  "lockfileVersion": 2,
  "requires": true,
  "dependencies": {
    "@eds/vanilla": {
      "version": "3.8.0",
      "resolved": "https://arm.sero.gic.ericsson.se/artifactory/api/npm/proj-eds-npm-local/@eds/vanilla/-/@eds/vanilla-3.8.0.tgz",
      "integrity": "sha1-DT1+5JZxfkQiPsgiiYccJm8krSw="
    }
  },
  "packages": {}
}
